
Microsoft Visual Studio Solution File, Format Version 12.00
# Visual Studio Version 17
VisualStudioVersion = 17.10.34607.79
MinimumVisualStudioVersion = 10.0.40219.1
Project("{9A19103F-16F7-4668-BE54-9A1E7A4F7556}") = "RetriX.Shared", "RetriX.Shared\RetriX.Shared.csproj", "{11E95A7B-E647-42AE-9DAD-8FE587E07486}"
EndProject
Project("{8BC9CEB8-8B4A-11D0-8D11-00A0C91BC942}") = "Retrix.UWP.Native", "Retrix.UWP.Native\Retrix.UWP.Native.vcxproj", "{AA168014-F150-4A65-93F9-121DA3EB0A01}"
EndProject
Project("{FAE04EC0-301F-11D3-BF4B-00C04F79EFBC}") = "RetriX.UWP.Unsafe", "RetriX.UWP.Unsafe\RetriX.UWP.Unsafe.csproj", "{0D8D76F1-1383-437C-9482-BBD3C9723768}"
EndProject
Project("{FAE04EC0-301F-11D3-BF4B-00C04F79EFBC}") = "RetriX.UWP", "RetriX.UWP\RetriX.UWP.csproj", "{17975A5B-67F5-494F-937D-9132AC78BD35}"
EndProject
Project("{FAE04EC0-301F-11D3-BF4B-00C04F79EFBC}") = "RetriX.Apple", "RetriX.Apple\RetriX.Apple.csproj", "{E71F3053-056C-4381-9638-048ED73BDFF6}"
EndProject
Project("{FAE04EC0-301F-11D3-BF4B-00C04F79EFBC}") = "RetriX.Android", "RetriX.Android\RetriX.Android.csproj", "{1FB5D327-48F4-460F-BB72-7983BA6416EE}"
EndProject
Project("{FAE04EC0-301F-11D3-BF4B-00C04F79EFBC}") = "RetriX.iOS", "RetriX.iOS\RetriX.iOS.csproj", "{2E62D651-3E5B-422B-914C-7227EB2FA9E8}"
EndProject
Project("{9A19103F-16F7-4668-BE54-9A1E7A4F7556}") = "LibRetriX", "LibRetriX\LibRetriX.csproj", "{3C5B7866-675D-4D39-A648-AA3095FD13B0}"
EndProject
Project("{9A19103F-16F7-4668-BE54-9A1E7A4F7556}") = "LibRetriX.RetroBindings", "LibRetriX.RetroBindings\LibRetriX.RetroBindings.csproj", "{822A8B5B-25AA-4810-911A-2D465D027BC4}"
EndProject
Project("{D954291E-2A0B-460D-934E-DC6B0785DB48}") = "LibRetriX.RetroBindings.Static", "LibRetriX.RetroBindings.Static\LibRetriX.RetroBindings.Static.shproj", "{3F31CF6F-C2DF-489A-9C2A-0B9958D0C143}"
EndProject
Project("{9A19103F-16F7-4668-BE54-9A1E7A4F7556}") = "LibRetriX.FCEUMM", "LibretroCores\LibRetriX.FCEUMM\LibRetriX.FCEUMM.csproj", "{21937ED9-E5B5-491A-B5F9-9C7E54B389D0}"
EndProject
Project("{2150E333-8FDC-42A3-9474-1A3956D46DE8}") = "Cores", "Cores", "{D504C537-BE9C-4F71-916A-ED54AF3942E9}"
EndProject
Global
	GlobalSection(SolutionConfigurationPlatforms) = preSolution
		Debug|Any CPU = Debug|Any CPU
		Debug|ARM = Debug|ARM
		Debug|iPhone = Debug|iPhone
		Debug|iPhoneSimulator = Debug|iPhoneSimulator
		Debug|x64 = Debug|x64
		Debug|x86 = Debug|x86
		Release|Any CPU = Release|Any CPU
		Release|ARM = Release|ARM
		Release|iPhone = Release|iPhone
		Release|iPhoneSimulator = Release|iPhoneSimulator
		Release|x64 = Release|x64
		Release|x86 = Release|x86
	EndGlobalSection
	GlobalSection(ProjectConfigurationPlatforms) = postSolution
		{11E95A7B-E647-42AE-9DAD-8FE587E07486}.Debug|Any CPU.ActiveCfg = Debug|Any CPU
		{11E95A7B-E647-42AE-9DAD-8FE587E07486}.Debug|Any CPU.Build.0 = Debug|Any CPU
		{11E95A7B-E647-42AE-9DAD-8FE587E07486}.Debug|ARM.ActiveCfg = Debug|Any CPU
		{11E95A7B-E647-42AE-9DAD-8FE587E07486}.Debug|ARM.Build.0 = Debug|Any CPU
		{11E95A7B-E647-42AE-9DAD-8FE587E07486}.Debug|iPhone.ActiveCfg = Debug|Any CPU
		{11E95A7B-E647-42AE-9DAD-8FE587E07486}.Debug|iPhone.Build.0 = Debug|Any CPU
		{11E95A7B-E647-42AE-9DAD-8FE587E07486}.Debug|iPhoneSimulator.ActiveCfg = Debug|Any CPU
		{11E95A7B-E647-42AE-9DAD-8FE587E07486}.Debug|iPhoneSimulator.Build.0 = Debug|Any CPU
		{11E95A7B-E647-42AE-9DAD-8FE587E07486}.Debug|x64.ActiveCfg = Debug|Any CPU
		{11E95A7B-E647-42AE-9DAD-8FE587E07486}.Debug|x64.Build.0 = Debug|Any CPU
		{11E95A7B-E647-42AE-9DAD-8FE587E07486}.Debug|x86.ActiveCfg = Debug|Any CPU
		{11E95A7B-E647-42AE-9DAD-8FE587E07486}.Debug|x86.Build.0 = Debug|Any CPU
		{11E95A7B-E647-42AE-9DAD-8FE587E07486}.Release|Any CPU.ActiveCfg = Release|Any CPU
		{11E95A7B-E647-42AE-9DAD-8FE587E07486}.Release|Any CPU.Build.0 = Release|Any CPU
		{11E95A7B-E647-42AE-9DAD-8FE587E07486}.Release|ARM.ActiveCfg = Release|Any CPU
		{11E95A7B-E647-42AE-9DAD-8FE587E07486}.Release|ARM.Build.0 = Release|Any CPU
		{11E95A7B-E647-42AE-9DAD-8FE587E07486}.Release|iPhone.ActiveCfg = Release|Any CPU
		{11E95A7B-E647-42AE-9DAD-8FE587E07486}.Release|iPhone.Build.0 = Release|Any CPU
		{11E95A7B-E647-42AE-9DAD-8FE587E07486}.Release|iPhoneSimulator.ActiveCfg = Release|Any CPU
		{11E95A7B-E647-42AE-9DAD-8FE587E07486}.Release|iPhoneSimulator.Build.0 = Release|Any CPU
		{11E95A7B-E647-42AE-9DAD-8FE587E07486}.Release|x64.ActiveCfg = Release|Any CPU
		{11E95A7B-E647-42AE-9DAD-8FE587E07486}.Release|x64.Build.0 = Release|Any CPU
		{11E95A7B-E647-42AE-9DAD-8FE587E07486}.Release|x86.ActiveCfg = Release|Any CPU
		{11E95A7B-E647-42AE-9DAD-8FE587E07486}.Release|x86.Build.0 = Release|Any CPU
		{AA168014-F150-4A65-93F9-121DA3EB0A01}.Debug|Any CPU.ActiveCfg = Debug|Win32
		{AA168014-F150-4A65-93F9-121DA3EB0A01}.Debug|ARM.ActiveCfg = Debug|ARM
		{AA168014-F150-4A65-93F9-121DA3EB0A01}.Debug|ARM.Build.0 = Debug|ARM
		{AA168014-F150-4A65-93F9-121DA3EB0A01}.Debug|iPhone.ActiveCfg = Debug|x64
		{AA168014-F150-4A65-93F9-121DA3EB0A01}.Debug|iPhone.Build.0 = Debug|x64
		{AA168014-F150-4A65-93F9-121DA3EB0A01}.Debug|iPhoneSimulator.ActiveCfg = Debug|x64
		{AA168014-F150-4A65-93F9-121DA3EB0A01}.Debug|iPhoneSimulator.Build.0 = Debug|x64
		{AA168014-F150-4A65-93F9-121DA3EB0A01}.Debug|x64.ActiveCfg = Debug|x64
		{AA168014-F150-4A65-93F9-121DA3EB0A01}.Debug|x64.Build.0 = Debug|x64
		{AA168014-F150-4A65-93F9-121DA3EB0A01}.Debug|x86.ActiveCfg = Debug|Win32
		{AA168014-F150-4A65-93F9-121DA3EB0A01}.Debug|x86.Build.0 = Debug|Win32
		{AA168014-F150-4A65-93F9-121DA3EB0A01}.Release|Any CPU.ActiveCfg = Release|Win32
		{AA168014-F150-4A65-93F9-121DA3EB0A01}.Release|ARM.ActiveCfg = Release|ARM
		{AA168014-F150-4A65-93F9-121DA3EB0A01}.Release|ARM.Build.0 = Release|ARM
		{AA168014-F150-4A65-93F9-121DA3EB0A01}.Release|iPhone.ActiveCfg = Release|x64
		{AA168014-F150-4A65-93F9-121DA3EB0A01}.Release|iPhone.Build.0 = Release|x64
		{AA168014-F150-4A65-93F9-121DA3EB0A01}.Release|iPhoneSimulator.ActiveCfg = Release|x64
		{AA168014-F150-4A65-93F9-121DA3EB0A01}.Release|iPhoneSimulator.Build.0 = Release|x64
		{AA168014-F150-4A65-93F9-121DA3EB0A01}.Release|x64.ActiveCfg = Release|x64
		{AA168014-F150-4A65-93F9-121DA3EB0A01}.Release|x64.Build.0 = Release|x64
		{AA168014-F150-4A65-93F9-121DA3EB0A01}.Release|x86.ActiveCfg = Release|Win32
		{AA168014-F150-4A65-93F9-121DA3EB0A01}.Release|x86.Build.0 = Release|Win32
		{0D8D76F1-1383-437C-9482-BBD3C9723768}.Debug|Any CPU.ActiveCfg = Debug|Any CPU
		{0D8D76F1-1383-437C-9482-BBD3C9723768}.Debug|Any CPU.Build.0 = Debug|Any CPU
		{0D8D76F1-1383-437C-9482-BBD3C9723768}.Debug|ARM.ActiveCfg = Debug|ARM
		{0D8D76F1-1383-437C-9482-BBD3C9723768}.Debug|ARM.Build.0 = Debug|ARM
		{0D8D76F1-1383-437C-9482-BBD3C9723768}.Debug|iPhone.ActiveCfg = Debug|Any CPU
		{0D8D76F1-1383-437C-9482-BBD3C9723768}.Debug|iPhone.Build.0 = Debug|Any CPU
		{0D8D76F1-1383-437C-9482-BBD3C9723768}.Debug|iPhoneSimulator.ActiveCfg = Debug|Any CPU
		{0D8D76F1-1383-437C-9482-BBD3C9723768}.Debug|iPhoneSimulator.Build.0 = Debug|Any CPU
		{0D8D76F1-1383-437C-9482-BBD3C9723768}.Debug|x64.ActiveCfg = Debug|x64
		{0D8D76F1-1383-437C-9482-BBD3C9723768}.Debug|x64.Build.0 = Debug|x64
		{0D8D76F1-1383-437C-9482-BBD3C9723768}.Debug|x86.ActiveCfg = Debug|x86
		{0D8D76F1-1383-437C-9482-BBD3C9723768}.Debug|x86.Build.0 = Debug|x86
		{0D8D76F1-1383-437C-9482-BBD3C9723768}.Release|Any CPU.ActiveCfg = Release|Any CPU
		{0D8D76F1-1383-437C-9482-BBD3C9723768}.Release|Any CPU.Build.0 = Release|Any CPU
		{0D8D76F1-1383-437C-9482-BBD3C9723768}.Release|ARM.ActiveCfg = Release|ARM
		{0D8D76F1-1383-437C-9482-BBD3C9723768}.Release|ARM.Build.0 = Release|ARM
		{0D8D76F1-1383-437C-9482-BBD3C9723768}.Release|iPhone.ActiveCfg = Release|Any CPU
		{0D8D76F1-1383-437C-9482-BBD3C9723768}.Release|iPhone.Build.0 = Release|Any CPU
		{0D8D76F1-1383-437C-9482-BBD3C9723768}.Release|iPhoneSimulator.ActiveCfg = Release|Any CPU
		{0D8D76F1-1383-437C-9482-BBD3C9723768}.Release|iPhoneSimulator.Build.0 = Release|Any CPU
		{0D8D76F1-1383-437C-9482-BBD3C9723768}.Release|x64.ActiveCfg = Release|x64
		{0D8D76F1-1383-437C-9482-BBD3C9723768}.Release|x64.Build.0 = Release|x64
		{0D8D76F1-1383-437C-9482-BBD3C9723768}.Release|x86.ActiveCfg = Release|x86
		{0D8D76F1-1383-437C-9482-BBD3C9723768}.Release|x86.Build.0 = Release|x86
		{17975A5B-67F5-494F-937D-9132AC78BD35}.Debug|Any CPU.ActiveCfg = Debug|x86
		{17975A5B-67F5-494F-937D-9132AC78BD35}.Debug|ARM.ActiveCfg = Debug|ARM
		{17975A5B-67F5-494F-937D-9132AC78BD35}.Debug|ARM.Build.0 = Debug|ARM
		{17975A5B-67F5-494F-937D-9132AC78BD35}.Debug|ARM.Deploy.0 = Debug|ARM
		{17975A5B-67F5-494F-937D-9132AC78BD35}.Debug|iPhone.ActiveCfg = Debug|x64
		{17975A5B-67F5-494F-937D-9132AC78BD35}.Debug|iPhone.Build.0 = Debug|x64
		{17975A5B-67F5-494F-937D-9132AC78BD35}.Debug|iPhone.Deploy.0 = Debug|x64
		{17975A5B-67F5-494F-937D-9132AC78BD35}.Debug|iPhoneSimulator.ActiveCfg = Debug|x64
		{17975A5B-67F5-494F-937D-9132AC78BD35}.Debug|iPhoneSimulator.Build.0 = Debug|x64
		{17975A5B-67F5-494F-937D-9132AC78BD35}.Debug|iPhoneSimulator.Deploy.0 = Debug|x64
		{17975A5B-67F5-494F-937D-9132AC78BD35}.Debug|x64.ActiveCfg = Debug|x64
		{17975A5B-67F5-494F-937D-9132AC78BD35}.Debug|x64.Build.0 = Debug|x64
		{17975A5B-67F5-494F-937D-9132AC78BD35}.Debug|x64.Deploy.0 = Debug|x64
		{17975A5B-67F5-494F-937D-9132AC78BD35}.Debug|x86.ActiveCfg = Debug|x86
		{17975A5B-67F5-494F-937D-9132AC78BD35}.Debug|x86.Build.0 = Debug|x86
		{17975A5B-67F5-494F-937D-9132AC78BD35}.Debug|x86.Deploy.0 = Debug|x86
		{17975A5B-67F5-494F-937D-9132AC78BD35}.Release|Any CPU.ActiveCfg = Release|x86
		{17975A5B-67F5-494F-937D-9132AC78BD35}.Release|ARM.ActiveCfg = Release|ARM
		{17975A5B-67F5-494F-937D-9132AC78BD35}.Release|ARM.Build.0 = Release|ARM
		{17975A5B-67F5-494F-937D-9132AC78BD35}.Release|ARM.Deploy.0 = Release|ARM
		{17975A5B-67F5-494F-937D-9132AC78BD35}.Release|iPhone.ActiveCfg = Release|x64
		{17975A5B-67F5-494F-937D-9132AC78BD35}.Release|iPhone.Build.0 = Release|x64
		{17975A5B-67F5-494F-937D-9132AC78BD35}.Release|iPhone.Deploy.0 = Release|x64
		{17975A5B-67F5-494F-937D-9132AC78BD35}.Release|iPhoneSimulator.ActiveCfg = Release|x64
		{17975A5B-67F5-494F-937D-9132AC78BD35}.Release|iPhoneSimulator.Build.0 = Release|x64
		{17975A5B-67F5-494F-937D-9132AC78BD35}.Release|iPhoneSimulator.Deploy.0 = Release|x64
		{17975A5B-67F5-494F-937D-9132AC78BD35}.Release|x64.ActiveCfg = Release|x64
		{17975A5B-67F5-494F-937D-9132AC78BD35}.Release|x64.Build.0 = Release|x64
		{17975A5B-67F5-494F-937D-9132AC78BD35}.Release|x64.Deploy.0 = Release|x64
		{17975A5B-67F5-494F-937D-9132AC78BD35}.Release|x86.ActiveCfg = Release|x86
		{17975A5B-67F5-494F-937D-9132AC78BD35}.Release|x86.Build.0 = Release|x86
		{17975A5B-67F5-494F-937D-9132AC78BD35}.Release|x86.Deploy.0 = Release|x86
		{E71F3053-056C-4381-9638-048ED73BDFF6}.Debug|Any CPU.ActiveCfg = Debug|Any CPU
		{E71F3053-056C-4381-9638-048ED73BDFF6}.Debug|Any CPU.Build.0 = Debug|Any CPU
		{E71F3053-056C-4381-9638-048ED73BDFF6}.Debug|ARM.ActiveCfg = Debug|Any CPU
		{E71F3053-056C-4381-9638-048ED73BDFF6}.Debug|ARM.Build.0 = Debug|Any CPU
		{E71F3053-056C-4381-9638-048ED73BDFF6}.Debug|iPhone.ActiveCfg = Debug|Any CPU
		{E71F3053-056C-4381-9638-048ED73BDFF6}.Debug|iPhoneSimulator.ActiveCfg = Debug|Any CPU
		{E71F3053-056C-4381-9638-048ED73BDFF6}.Debug|x64.ActiveCfg = Debug|Any CPU
		{E71F3053-056C-4381-9638-048ED73BDFF6}.Debug|x64.Build.0 = Debug|Any CPU
		{E71F3053-056C-4381-9638-048ED73BDFF6}.Debug|x86.ActiveCfg = Debug|Any CPU
		{E71F3053-056C-4381-9638-048ED73BDFF6}.Debug|x86.Build.0 = Debug|Any CPU
		{E71F3053-056C-4381-9638-048ED73BDFF6}.Release|Any CPU.ActiveCfg = Release|Any CPU
		{E71F3053-056C-4381-9638-048ED73BDFF6}.Release|Any CPU.Build.0 = Release|Any CPU
		{E71F3053-056C-4381-9638-048ED73BDFF6}.Release|ARM.ActiveCfg = Release|Any CPU
		{E71F3053-056C-4381-9638-048ED73BDFF6}.Release|ARM.Build.0 = Release|Any CPU
		{E71F3053-056C-4381-9638-048ED73BDFF6}.Release|iPhone.ActiveCfg = Release|Any CPU
		{E71F3053-056C-4381-9638-048ED73BDFF6}.Release|iPhoneSimulator.ActiveCfg = Release|Any CPU
		{E71F3053-056C-4381-9638-048ED73BDFF6}.Release|x64.ActiveCfg = Release|Any CPU
		{E71F3053-056C-4381-9638-048ED73BDFF6}.Release|x64.Build.0 = Release|Any CPU
		{E71F3053-056C-4381-9638-048ED73BDFF6}.Release|x86.ActiveCfg = Release|Any CPU
		{E71F3053-056C-4381-9638-048ED73BDFF6}.Release|x86.Build.0 = Release|Any CPU
		{1FB5D327-48F4-460F-BB72-7983BA6416EE}.Debug|Any CPU.ActiveCfg = Debug|Any CPU
		{1FB5D327-48F4-460F-BB72-7983BA6416EE}.Debug|Any CPU.Build.0 = Debug|Any CPU
		{1FB5D327-48F4-460F-BB72-7983BA6416EE}.Debug|Any CPU.Deploy.0 = Debug|Any CPU
		{1FB5D327-48F4-460F-BB72-7983BA6416EE}.Debug|ARM.ActiveCfg = Debug|Any CPU
		{1FB5D327-48F4-460F-BB72-7983BA6416EE}.Debug|ARM.Build.0 = Debug|Any CPU
		{1FB5D327-48F4-460F-BB72-7983BA6416EE}.Debug|ARM.Deploy.0 = Debug|Any CPU
		{1FB5D327-48F4-460F-BB72-7983BA6416EE}.Debug|iPhone.ActiveCfg = Debug|Any CPU
		{1FB5D327-48F4-460F-BB72-7983BA6416EE}.Debug|iPhone.Build.0 = Debug|Any CPU
		{1FB5D327-48F4-460F-BB72-7983BA6416EE}.Debug|iPhone.Deploy.0 = Debug|Any CPU
		{1FB5D327-48F4-460F-BB72-7983BA6416EE}.Debug|iPhoneSimulator.ActiveCfg = Debug|Any CPU
		{1FB5D327-48F4-460F-BB72-7983BA6416EE}.Debug|iPhoneSimulator.Build.0 = Debug|Any CPU
		{1FB5D327-48F4-460F-BB72-7983BA6416EE}.Debug|iPhoneSimulator.Deploy.0 = Debug|Any CPU
		{1FB5D327-48F4-460F-BB72-7983BA6416EE}.Debug|x64.ActiveCfg = Debug|Any CPU
		{1FB5D327-48F4-460F-BB72-7983BA6416EE}.Debug|x64.Build.0 = Debug|Any CPU
		{1FB5D327-48F4-460F-BB72-7983BA6416EE}.Debug|x64.Deploy.0 = Debug|Any CPU
		{1FB5D327-48F4-460F-BB72-7983BA6416EE}.Debug|x86.ActiveCfg = Debug|Any CPU
		{1FB5D327-48F4-460F-BB72-7983BA6416EE}.Debug|x86.Build.0 = Debug|Any CPU
		{1FB5D327-48F4-460F-BB72-7983BA6416EE}.Debug|x86.Deploy.0 = Debug|Any CPU
		{1FB5D327-48F4-460F-BB72-7983BA6416EE}.Release|Any CPU.ActiveCfg = Release|Any CPU
		{1FB5D327-48F4-460F-BB72-7983BA6416EE}.Release|Any CPU.Build.0 = Release|Any CPU
		{1FB5D327-48F4-460F-BB72-7983BA6416EE}.Release|Any CPU.Deploy.0 = Release|Any CPU
		{1FB5D327-48F4-460F-BB72-7983BA6416EE}.Release|ARM.ActiveCfg = Release|Any CPU
		{1FB5D327-48F4-460F-BB72-7983BA6416EE}.Release|ARM.Build.0 = Release|Any CPU
		{1FB5D327-48F4-460F-BB72-7983BA6416EE}.Release|ARM.Deploy.0 = Release|Any CPU
		{1FB5D327-48F4-460F-BB72-7983BA6416EE}.Release|iPhone.ActiveCfg = Release|Any CPU
		{1FB5D327-48F4-460F-BB72-7983BA6416EE}.Release|iPhone.Build.0 = Release|Any CPU
		{1FB5D327-48F4-460F-BB72-7983BA6416EE}.Release|iPhone.Deploy.0 = Release|Any CPU
		{1FB5D327-48F4-460F-BB72-7983BA6416EE}.Release|iPhoneSimulator.ActiveCfg = Release|Any CPU
		{1FB5D327-48F4-460F-BB72-7983BA6416EE}.Release|iPhoneSimulator.Build.0 = Release|Any CPU
		{1FB5D327-48F4-460F-BB72-7983BA6416EE}.Release|iPhoneSimulator.Deploy.0 = Release|Any CPU
		{1FB5D327-48F4-460F-BB72-7983BA6416EE}.Release|x64.ActiveCfg = Release|Any CPU
		{1FB5D327-48F4-460F-BB72-7983BA6416EE}.Release|x64.Build.0 = Release|Any CPU
		{1FB5D327-48F4-460F-BB72-7983BA6416EE}.Release|x64.Deploy.0 = Release|Any CPU
		{1FB5D327-48F4-460F-BB72-7983BA6416EE}.Release|x86.ActiveCfg = Release|Any CPU
		{1FB5D327-48F4-460F-BB72-7983BA6416EE}.Release|x86.Build.0 = Release|Any CPU
		{1FB5D327-48F4-460F-BB72-7983BA6416EE}.Release|x86.Deploy.0 = Release|Any CPU
		{2E62D651-3E5B-422B-914C-7227EB2FA9E8}.Debug|Any CPU.ActiveCfg = Debug|iPhoneSimulator
		{2E62D651-3E5B-422B-914C-7227EB2FA9E8}.Debug|Any CPU.Build.0 = Debug|iPhoneSimulator
		{2E62D651-3E5B-422B-914C-7227EB2FA9E8}.Debug|ARM.ActiveCfg = Debug|iPhoneSimulator
		{2E62D651-3E5B-422B-914C-7227EB2FA9E8}.Debug|ARM.Build.0 = Debug|iPhoneSimulator
		{2E62D651-3E5B-422B-914C-7227EB2FA9E8}.Debug|iPhone.ActiveCfg = Debug|iPhone
		{2E62D651-3E5B-422B-914C-7227EB2FA9E8}.Debug|iPhone.Build.0 = Debug|iPhone
		{2E62D651-3E5B-422B-914C-7227EB2FA9E8}.Debug|iPhoneSimulator.ActiveCfg = Debug|iPhoneSimulator
		{2E62D651-3E5B-422B-914C-7227EB2FA9E8}.Debug|iPhoneSimulator.Build.0 = Debug|iPhoneSimulator
		{2E62D651-3E5B-422B-914C-7227EB2FA9E8}.Debug|x64.ActiveCfg = Debug|iPhoneSimulator
		{2E62D651-3E5B-422B-914C-7227EB2FA9E8}.Debug|x64.Build.0 = Debug|iPhoneSimulator
		{2E62D651-3E5B-422B-914C-7227EB2FA9E8}.Debug|x86.ActiveCfg = Debug|iPhoneSimulator
		{2E62D651-3E5B-422B-914C-7227EB2FA9E8}.Debug|x86.Build.0 = Debug|iPhoneSimulator
		{2E62D651-3E5B-422B-914C-7227EB2FA9E8}.Release|Any CPU.ActiveCfg = Release|iPhoneSimulator
		{2E62D651-3E5B-422B-914C-7227EB2FA9E8}.Release|Any CPU.Build.0 = Release|iPhoneSimulator
		{2E62D651-3E5B-422B-914C-7227EB2FA9E8}.Release|ARM.ActiveCfg = Release|iPhoneSimulator
		{2E62D651-3E5B-422B-914C-7227EB2FA9E8}.Release|ARM.Build.0 = Release|iPhoneSimulator
		{2E62D651-3E5B-422B-914C-7227EB2FA9E8}.Release|iPhone.ActiveCfg = Release|iPhone
		{2E62D651-3E5B-422B-914C-7227EB2FA9E8}.Release|iPhone.Build.0 = Release|iPhone
		{2E62D651-3E5B-422B-914C-7227EB2FA9E8}.Release|iPhoneSimulator.ActiveCfg = Release|iPhoneSimulator
		{2E62D651-3E5B-422B-914C-7227EB2FA9E8}.Release|iPhoneSimulator.Build.0 = Release|iPhoneSimulator
		{2E62D651-3E5B-422B-914C-7227EB2FA9E8}.Release|x64.ActiveCfg = Release|iPhoneSimulator
		{2E62D651-3E5B-422B-914C-7227EB2FA9E8}.Release|x64.Build.0 = Release|iPhoneSimulator
		{2E62D651-3E5B-422B-914C-7227EB2FA9E8}.Release|x86.ActiveCfg = Release|iPhoneSimulator
		{2E62D651-3E5B-422B-914C-7227EB2FA9E8}.Release|x86.Build.0 = Release|iPhoneSimulator
		{3C5B7866-675D-4D39-A648-AA3095FD13B0}.Debug|Any CPU.ActiveCfg = Debug|Any CPU
		{3C5B7866-675D-4D39-A648-AA3095FD13B0}.Debug|Any CPU.Build.0 = Debug|Any CPU
		{3C5B7866-675D-4D39-A648-AA3095FD13B0}.Debug|ARM.ActiveCfg = Debug|Any CPU
		{3C5B7866-675D-4D39-A648-AA3095FD13B0}.Debug|ARM.Build.0 = Debug|Any CPU
		{3C5B7866-675D-4D39-A648-AA3095FD13B0}.Debug|iPhone.ActiveCfg = Debug|Any CPU
		{3C5B7866-675D-4D39-A648-AA3095FD13B0}.Debug|iPhone.Build.0 = Debug|Any CPU
		{3C5B7866-675D-4D39-A648-AA3095FD13B0}.Debug|iPhoneSimulator.ActiveCfg = Debug|Any CPU
		{3C5B7866-675D-4D39-A648-AA3095FD13B0}.Debug|iPhoneSimulator.Build.0 = Debug|Any CPU
		{3C5B7866-675D-4D39-A648-AA3095FD13B0}.Debug|x64.ActiveCfg = Debug|Any CPU
		{3C5B7866-675D-4D39-A648-AA3095FD13B0}.Debug|x64.Build.0 = Debug|Any CPU
		{3C5B7866-675D-4D39-A648-AA3095FD13B0}.Debug|x86.ActiveCfg = Debug|Any CPU
		{3C5B7866-675D-4D39-A648-AA3095FD13B0}.Debug|x86.Build.0 = Debug|Any CPU
		{3C5B7866-675D-4D39-A648-AA3095FD13B0}.Release|Any CPU.ActiveCfg = Release|Any CPU
		{3C5B7866-675D-4D39-A648-AA3095FD13B0}.Release|Any CPU.Build.0 = Release|Any CPU
		{3C5B7866-675D-4D39-A648-AA3095FD13B0}.Release|ARM.ActiveCfg = Release|Any CPU
		{3C5B7866-675D-4D39-A648-AA3095FD13B0}.Release|ARM.Build.0 = Release|Any CPU
		{3C5B7866-675D-4D39-A648-AA3095FD13B0}.Release|iPhone.ActiveCfg = Release|Any CPU
		{3C5B7866-675D-4D39-A648-AA3095FD13B0}.Release|iPhone.Build.0 = Release|Any CPU
		{3C5B7866-675D-4D39-A648-AA3095FD13B0}.Release|iPhoneSimulator.ActiveCfg = Release|Any CPU
		{3C5B7866-675D-4D39-A648-AA3095FD13B0}.Release|iPhoneSimulator.Build.0 = Release|Any CPU
		{3C5B7866-675D-4D39-A648-AA3095FD13B0}.Release|x64.ActiveCfg = Release|Any CPU
		{3C5B7866-675D-4D39-A648-AA3095FD13B0}.Release|x64.Build.0 = Release|Any CPU
		{3C5B7866-675D-4D39-A648-AA3095FD13B0}.Release|x86.ActiveCfg = Release|Any CPU
		{3C5B7866-675D-4D39-A648-AA3095FD13B0}.Release|x86.Build.0 = Release|Any CPU
		{822A8B5B-25AA-4810-911A-2D465D027BC4}.Debug|Any CPU.ActiveCfg = Debug|Any CPU
		{822A8B5B-25AA-4810-911A-2D465D027BC4}.Debug|Any CPU.Build.0 = Debug|Any CPU
		{822A8B5B-25AA-4810-911A-2D465D027BC4}.Debug|ARM.ActiveCfg = Debug|Any CPU
		{822A8B5B-25AA-4810-911A-2D465D027BC4}.Debug|ARM.Build.0 = Debug|Any CPU
		{822A8B5B-25AA-4810-911A-2D465D027BC4}.Debug|iPhone.ActiveCfg = Debug|Any CPU
		{822A8B5B-25AA-4810-911A-2D465D027BC4}.Debug|iPhone.Build.0 = Debug|Any CPU
		{822A8B5B-25AA-4810-911A-2D465D027BC4}.Debug|iPhoneSimulator.ActiveCfg = Debug|Any CPU
		{822A8B5B-25AA-4810-911A-2D465D027BC4}.Debug|iPhoneSimulator.Build.0 = Debug|Any CPU
		{822A8B5B-25AA-4810-911A-2D465D027BC4}.Debug|x64.ActiveCfg = Debug|Any CPU
		{822A8B5B-25AA-4810-911A-2D465D027BC4}.Debug|x64.Build.0 = Debug|Any CPU
		{822A8B5B-25AA-4810-911A-2D465D027BC4}.Debug|x86.ActiveCfg = Debug|Any CPU
		{822A8B5B-25AA-4810-911A-2D465D027BC4}.Debug|x86.Build.0 = Debug|Any CPU
		{822A8B5B-25AA-4810-911A-2D465D027BC4}.Release|Any CPU.ActiveCfg = Release|Any CPU
		{822A8B5B-25AA-4810-911A-2D465D027BC4}.Release|Any CPU.Build.0 = Release|Any CPU
		{822A8B5B-25AA-4810-911A-2D465D027BC4}.Release|ARM.ActiveCfg = Release|Any CPU
		{822A8B5B-25AA-4810-911A-2D465D027BC4}.Release|ARM.Build.0 = Release|Any CPU
		{822A8B5B-25AA-4810-911A-2D465D027BC4}.Release|iPhone.ActiveCfg = Release|Any CPU
		{822A8B5B-25AA-4810-911A-2D465D027BC4}.Release|iPhone.Build.0 = Release|Any CPU
		{822A8B5B-25AA-4810-911A-2D465D027BC4}.Release|iPhoneSimulator.ActiveCfg = Release|Any CPU
		{822A8B5B-25AA-4810-911A-2D465D027BC4}.Release|iPhoneSimulator.Build.0 = Release|Any CPU
		{822A8B5B-25AA-4810-911A-2D465D027BC4}.Release|x64.ActiveCfg = Release|Any CPU
		{822A8B5B-25AA-4810-911A-2D465D027BC4}.Release|x64.Build.0 = Release|Any CPU
		{822A8B5B-25AA-4810-911A-2D465D027BC4}.Release|x86.ActiveCfg = Release|Any CPU
		{822A8B5B-25AA-4810-911A-2D465D027BC4}.Release|x86.Build.0 = Release|Any CPU
		{21937ED9-E5B5-491A-B5F9-9C7E54B389D0}.Debug|Any CPU.ActiveCfg = Debug|Any CPU
		{21937ED9-E5B5-491A-B5F9-9C7E54B389D0}.Debug|Any CPU.Build.0 = Debug|Any CPU
		{21937ED9-E5B5-491A-B5F9-9C7E54B389D0}.Debug|ARM.ActiveCfg = Debug|Any CPU
		{21937ED9-E5B5-491A-B5F9-9C7E54B389D0}.Debug|ARM.Build.0 = Debug|Any CPU
		{21937ED9-E5B5-491A-B5F9-9C7E54B389D0}.Debug|iPhone.ActiveCfg = Debug|Any CPU
		{21937ED9-E5B5-491A-B5F9-9C7E54B389D0}.Debug|iPhone.Build.0 = Debug|Any CPU
		{21937ED9-E5B5-491A-B5F9-9C7E54B389D0}.Debug|iPhoneSimulator.ActiveCfg = Debug|Any CPU
		{21937ED9-E5B5-491A-B5F9-9C7E54B389D0}.Debug|iPhoneSimulator.Build.0 = Debug|Any CPU
		{21937ED9-E5B5-491A-B5F9-9C7E54B389D0}.Debug|x64.ActiveCfg = Debug|Any CPU
		{21937ED9-E5B5-491A-B5F9-9C7E54B389D0}.Debug|x64.Build.0 = Debug|Any CPU
		{21937ED9-E5B5-491A-B5F9-9C7E54B389D0}.Debug|x86.ActiveCfg = Debug|Any CPU
		{21937ED9-E5B5-491A-B5F9-9C7E54B389D0}.Debug|x86.Build.0 = Debug|Any CPU
		{21937ED9-E5B5-491A-B5F9-9C7E54B389D0}.Release|Any CPU.ActiveCfg = Release|Any CPU
		{21937ED9-E5B5-491A-B5F9-9C7E54B389D0}.Release|Any CPU.Build.0 = Release|Any CPU
		{21937ED9-E5B5-491A-B5F9-9C7E54B389D0}.Release|ARM.ActiveCfg = Release|Any CPU
		{21937ED9-E5B5-491A-B5F9-9C7E54B389D0}.Release|ARM.Build.0 = Release|Any CPU
		{21937ED9-E5B5-491A-B5F9-9C7E54B389D0}.Release|iPhone.ActiveCfg = Release|Any CPU
		{21937ED9-E5B5-491A-B5F9-9C7E54B389D0}.Release|iPhone.Build.0 = Release|Any CPU
		{21937ED9-E5B5-491A-B5F9-9C7E54B389D0}.Release|iPhoneSimulator.ActiveCfg = Release|Any CPU
		{21937ED9-E5B5-491A-B5F9-9C7E54B389D0}.Release|iPhoneSimulator.Build.0 = Release|Any CPU
		{21937ED9-E5B5-491A-B5F9-9C7E54B389D0}.Release|x64.ActiveCfg = Release|Any CPU
		{21937ED9-E5B5-491A-B5F9-9C7E54B389D0}.Release|x64.Build.0 = Release|Any CPU
		{21937ED9-E5B5-491A-B5F9-9C7E54B389D0}.Release|x86.ActiveCfg = Release|Any CPU
		{21937ED9-E5B5-491A-B5F9-9C7E54B389D0}.Release|x86.Build.0 = Release|Any CPU
	EndGlobalSection
	GlobalSection(SolutionProperties) = preSolution
		HideSolutionNode = FALSE
	EndGlobalSection
	GlobalSection(NestedProjects) = preSolution
		{21937ED9-E5B5-491A-B5F9-9C7E54B389D0} = {D504C537-BE9C-4F71-916A-ED54AF3942E9}
	EndGlobalSection
	GlobalSection(ExtensibilityGlobals) = postSolution
		SolutionGuid = {E1AA8A13-C58B-4F0D-ABD4-12B2F2760898}
	EndGlobalSection
	GlobalSection(SharedMSBuildProjectFiles) = preSolution
		LibRetriX.RetroBindings.Static\LibRetriX.RetroBindings.Static.projitems*{21937ed9-e5b5-491a-b5f9-9c7e54b389d0}*SharedItemsImports = 5
		LibRetriX.RetroBindings.Static\LibRetriX.RetroBindings.Static.projitems*{3f31cf6f-c2df-489a-9c2a-0b9958d0c143}*SharedItemsImports = 13
	EndGlobalSection
EndGlobal
